
Microsoft Visual Studio Solution File, Format Version 12.00
# Visual Studio Version 16
VisualStudioVersion = 16.0.30011.22
MinimumVisualStudioVersion = 10.0.40219.1
Project("{FAE04EC0-301F-11D3-BF4B-00C04F79EFBC}") = "BannerBuff", "BannerBuff.csproj", "{BC166375-B16B-45EF-99E6-31BBA62E2029}"
EndProject
Global
	GlobalSection(SolutionConfigurationPlatforms) = preSolution
		Debug|Any CPU = Debug|Any CPU
		Release|Any CPU = Release|Any CPU
	EndGlobalSection
	GlobalSection(ProjectConfigurationPlatforms) = postSolution
		{BC166375-B16B-45EF-99E6-31BBA62E2029}.Debug|Any CPU.ActiveCfg = Debug|Any CPU
		{BC166375-B16B-45EF-99E6-31BBA62E2029}.Debug|Any CPU.Build.0 = Debug|Any CPU
		{BC166375-B16B-45EF-99E6-31BBA62E2029}.Release|Any CPU.ActiveCfg = Release|Any CPU
		{BC166375-B16B-45EF-99E6-31BBA62E2029}.Release|Any CPU.Build.0 = Release|Any CPU
	EndGlobalSection
	GlobalSection(SolutionProperties) = preSolution
		HideSolutionNode = FALSE
	EndGlobalSection
	GlobalSection(ExtensibilityGlobals) = postSolution
		SolutionGuid = {12B4B769-0542-4596-8C0C-0D98605E1867}
	EndGlobalSection
EndGlobal
